// !$*UTF8*$!
{
	archiveVersion = 1;
	classes = {
	};
	objectVersion = 48;
	objects = {

/* Begin PBXBuildFile section */
		2752E1AF207A1B5B00BCDC08 /* main.swift in Sources */ = {isa = PBXBuildFile; fileRef = 2752E1AE207A1B5B00BCDC08 /* main.swift */; };
		2752E1B6207A1ED900BCDC08 /* LibreOOPClient.swift in Sources */ = {isa = PBXBuildFile; fileRef = 2752E1B5207A1ED900BCDC08 /* LibreOOPClient.swift */; };
		2752E1B8207A4E6B00BCDC08 /* LibreOOPWebExtensions.swift in Sources */ = {isa = PBXBuildFile; fileRef = 2752E1B7207A4E6B00BCDC08 /* LibreOOPWebExtensions.swift */; };
		2752E1BC207AA61400BCDC08 /* LibreOOPResponse.swift in Sources */ = {isa = PBXBuildFile; fileRef = 2752E1BB207AA61400BCDC08 /* LibreOOPResponse.swift */; };
		27BA004321734D80005B3E1D /* LibreUtils.swift in Sources */ = {isa = PBXBuildFile; fileRef = 27BA004221734D80005B3E1D /* LibreUtils.swift */; };
		27BA004521735450005B3E1D /* MoreExamples.swift in Sources */ = {isa = PBXBuildFile; fileRef = 27BA004421735450005B3E1D /* MoreExamples.swift */; };
		27D0586B208E4B41000A05D7 /* LibreOOPDefaults.swift in Sources */ = {isa = PBXBuildFile; fileRef = 27D0586A208E4B41000A05D7 /* LibreOOPDefaults.swift */; };
		C66625BD208B14EB0044D0B1 /* CRC.swift in Sources */ = {isa = PBXBuildFile; fileRef = C66625BC208B14EB0044D0B1 /* CRC.swift */; };
		C66625BF208B1E820044D0B1 /* SensorData.swift in Sources */ = {isa = PBXBuildFile; fileRef = C66625BE208B1E820044D0B1 /* SensorData.swift */; };
		C66625C1208B1EB10044D0B1 /* SensorState.swift in Sources */ = {isa = PBXBuildFile; fileRef = C66625C0208B1EB10044D0B1 /* SensorState.swift */; };
		C66625C3208B1EC40044D0B1 /* Measurement.swift in Sources */ = {isa = PBXBuildFile; fileRef = C66625C2208B1EC40044D0B1 /* Measurement.swift */; };
		C684D3442098D8A2007C8705 /* Data.swift in Sources */ = {isa = PBXBuildFile; fileRef = C684D3432098D8A2007C8705 /* Data.swift */; };
		C6CA6905216FBE1A00C36136 /* LibreOOPCredentials.swift in Sources */ = {isa = PBXBuildFile; fileRef = C6CA6904216FBE1A00C36136 /* LibreOOPCredentials.swift */; };
/* End PBXBuildFile section */

/* Begin PBXCopyFilesBuildPhase section */
		2752E1A9207A1B5B00BCDC08 /* CopyFiles */ = {
			isa = PBXCopyFilesBuildPhase;
			buildActionMask = 2147483647;
			dstPath = /usr/share/man/man1/;
			dstSubfolderSpec = 0;
			files = (
			);
			runOnlyForDeploymentPostprocessing = 1;
		};
/* End PBXCopyFilesBuildPhase section */

/* Begin PBXFileReference section */
		2752E1AB207A1B5B00BCDC08 /* SwitftOOPWeb */ = {isa = PBXFileReference; explicitFileType = "compiled.mach-o.executable"; includeInIndex = 0; path = SwitftOOPWeb; sourceTree = BUILT_PRODUCTS_DIR; };
		2752E1AE207A1B5B00BCDC08 /* main.swift */ = {isa = PBXFileReference; lastKnownFileType = sourcecode.swift; path = main.swift; sourceTree = "<group>"; };
		2752E1B5207A1ED900BCDC08 /* LibreOOPClient.swift */ = {isa = PBXFileReference; lastKnownFileType = sourcecode.swift; path = LibreOOPClient.swift; sourceTree = "<group>"; };
		2752E1B7207A4E6B00BCDC08 /* LibreOOPWebExtensions.swift */ = {isa = PBXFileReference; lastKnownFileType = sourcecode.swift; path = LibreOOPWebExtensions.swift; sourceTree = "<group>"; };
		2752E1BB207AA61400BCDC08 /* LibreOOPResponse.swift */ = {isa = PBXFileReference; fileEncoding = 4; lastKnownFileType = sourcecode.swift; path = LibreOOPResponse.swift; sourceTree = "<group>"; };
		27BA004221734D80005B3E1D /* LibreUtils.swift */ = {isa = PBXFileReference; lastKnownFileType = sourcecode.swift; path = LibreUtils.swift; sourceTree = "<group>"; };
		27BA004421735450005B3E1D /* MoreExamples.swift */ = {isa = PBXFileReference; lastKnownFileType = sourcecode.swift; path = MoreExamples.swift; sourceTree = "<group>"; };
		27D0586A208E4B41000A05D7 /* LibreOOPDefaults.swift */ = {isa = PBXFileReference; lastKnownFileType = sourcecode.swift; path = LibreOOPDefaults.swift; sourceTree = "<group>"; };
		C66625BC208B14EB0044D0B1 /* CRC.swift */ = {isa = PBXFileReference; fileEncoding = 4; lastKnownFileType = sourcecode.swift; path = CRC.swift; sourceTree = "<group>"; };
		C66625BE208B1E820044D0B1 /* SensorData.swift */ = {isa = PBXFileReference; fileEncoding = 4; lastKnownFileType = sourcecode.swift; path = SensorData.swift; sourceTree = "<group>"; };
		C66625C0208B1EB10044D0B1 /* SensorState.swift */ = {isa = PBXFileReference; fileEncoding = 4; lastKnownFileType = sourcecode.swift; path = SensorState.swift; sourceTree = "<group>"; };
		C66625C2208B1EC40044D0B1 /* Measurement.swift */ = {isa = PBXFileReference; fileEncoding = 4; lastKnownFileType = sourcecode.swift; path = Measurement.swift; sourceTree = "<group>"; };
		C684D3432098D8A2007C8705 /* Data.swift */ = {isa = PBXFileReference; fileEncoding = 4; lastKnownFileType = sourcecode.swift; path = Data.swift; sourceTree = "<group>"; };
		C6CA6904216FBE1A00C36136 /* LibreOOPCredentials.swift */ = {isa = PBXFileReference; lastKnownFileType = sourcecode.swift; name = LibreOOPCredentials.swift; path = SwiftLibreOOPWeb/LibreOOPCredentials.swift; sourceTree = SOURCE_ROOT; };
/* End PBXFileReference section */

/* Begin PBXFrameworksBuildPhase section */
		2752E1A8207A1B5B00BCDC08 /* Frameworks */ = {
			isa = PBXFrameworksBuildPhase;
			buildActionMask = 2147483647;
			files = (
			);
			runOnlyForDeploymentPostprocessing = 0;
		};
/* End PBXFrameworksBuildPhase section */

/* Begin PBXGroup section */
		2752E1A2207A1B5B00BCDC08 = {
			isa = PBXGroup;
			children = (
				2752E1AD207A1B5B00BCDC08 /* SwiftLibreOOPWeb */,
				2752E1AC207A1B5B00BCDC08 /* Products */,
			);
			sourceTree = "<group>";
		};
		2752E1AC207A1B5B00BCDC08 /* Products */ = {
			isa = PBXGroup;
			children = (
				2752E1AB207A1B5B00BCDC08 /* SwitftOOPWeb */,
			);
			name = Products;
			sourceTree = "<group>";
		};
		2752E1AD207A1B5B00BCDC08 /* SwiftLibreOOPWeb */ = {
			isa = PBXGroup;
			children = (
				C684D3422098D851007C8705 /* Extensions */,
				C6CA6904216FBE1A00C36136 /* LibreOOPCredentials.swift */,
				27D0586A208E4B41000A05D7 /* LibreOOPDefaults.swift */,
				2752E1BB207AA61400BCDC08 /* LibreOOPResponse.swift */,
				2752E1AE207A1B5B00BCDC08 /* main.swift */,
				2752E1B5207A1ED900BCDC08 /* LibreOOPClient.swift */,
				2752E1B7207A4E6B00BCDC08 /* LibreOOPWebExtensions.swift */,
				C66625C4208B27A40044D0B1 /* Model */,
				27BA004221734D80005B3E1D /* LibreUtils.swift */,
				27BA004421735450005B3E1D /* MoreExamples.swift */,
			);
			path = SwiftLibreOOPWeb;
			sourceTree = "<group>";
		};
		C66625C4208B27A40044D0B1 /* Model */ = {
			isa = PBXGroup;
			children = (
				C66625BC208B14EB0044D0B1 /* CRC.swift */,
				C66625BE208B1E820044D0B1 /* SensorData.swift */,
				C66625C0208B1EB10044D0B1 /* SensorState.swift */,
				C66625C2208B1EC40044D0B1 /* Measurement.swift */,
			);
			path = Model;
			sourceTree = "<group>";
		};
		C684D3422098D851007C8705 /* Extensions */ = {
			isa = PBXGroup;
			children = (
				C684D3432098D8A2007C8705 /* Data.swift */,
			);
			path = Extensions;
			sourceTree = "<group>";
		};
/* End PBXGroup section */

/* Begin PBXNativeTarget section */
		2752E1AA207A1B5B00BCDC08 /* SwitftOOPWeb */ = {
			isa = PBXNativeTarget;
			buildConfigurationList = 2752E1B2207A1B5B00BCDC08 /* Build configuration list for PBXNativeTarget "SwitftOOPWeb" */;
			buildPhases = (
				2752E1A7207A1B5B00BCDC08 /* Sources */,
				2752E1A8207A1B5B00BCDC08 /* Frameworks */,
				2752E1A9207A1B5B00BCDC08 /* CopyFiles */,
			);
			buildRules = (
			);
			dependencies = (
			);
			name = SwitftOOPWeb;
			productName = SwitftOOPWeb;
			productReference = 2752E1AB207A1B5B00BCDC08 /* SwitftOOPWeb */;
			productType = "com.apple.product-type.tool";
		};
/* End PBXNativeTarget section */

/* Begin PBXProject section */
		2752E1A3207A1B5B00BCDC08 /* Project object */ = {
			isa = PBXProject;
			attributes = {
				LastSwiftUpdateCheck = 0920;
				LastUpgradeCheck = 0930;
				ORGANIZATIONNAME = "Bjørn Inge Berg";
				TargetAttributes = {
					2752E1AA207A1B5B00BCDC08 = {
						CreatedOnToolsVersion = 9.2;
						LastSwiftMigration = 1000;
						ProvisioningStyle = Automatic;
					};
				};
			};
			buildConfigurationList = 2752E1A6207A1B5B00BCDC08 /* Build configuration list for PBXProject "SwitftOOPWeb" */;
			compatibilityVersion = "Xcode 8.0";
			developmentRegion = en;
			hasScannedForEncodings = 0;
			knownRegions = (
				en,
			);
			mainGroup = 2752E1A2207A1B5B00BCDC08;
			productRefGroup = 2752E1AC207A1B5B00BCDC08 /* Products */;
			projectDirPath = "";
			projectRoot = "";
			targets = (
				2752E1AA207A1B5B00BCDC08 /* SwitftOOPWeb */,
			);
		};
/* End PBXProject section */

/* Begin PBXSourcesBuildPhase section */
		2752E1A7207A1B5B00BCDC08 /* Sources */ = {
			isa = PBXSourcesBuildPhase;
			buildActionMask = 2147483647;
			files = (
				2752E1B8207A4E6B00BCDC08 /* LibreOOPWebExtensions.swift in Sources */,
				C684D3442098D8A2007C8705 /* Data.swift in Sources */,
				2752E1B6207A1ED900BCDC08 /* LibreOOPClient.swift in Sources */,
				27BA004521735450005B3E1D /* MoreExamples.swift in Sources */,
				C66625C3208B1EC40044D0B1 /* Measurement.swift in Sources */,
				C66625BD208B14EB0044D0B1 /* CRC.swift in Sources */,
				27BA004321734D80005B3E1D /* LibreUtils.swift in Sources */,
				2752E1BC207AA61400BCDC08 /* LibreOOPResponse.swift in Sources */,
				2752E1AF207A1B5B00BCDC08 /* main.swift in Sources */,
				C6CA6905216FBE1A00C36136 /* LibreOOPCredentials.swift in Sources */,
				C66625C1208B1EB10044D0B1 /* SensorState.swift in Sources */,
				C66625BF208B1E820044D0B1 /* SensorData.swift in Sources */,
				27D0586B208E4B41000A05D7 /* LibreOOPDefaults.swift in Sources */,
			);
			runOnlyForDeploymentPostprocessing = 0;
		};
/* End PBXSourcesBuildPhase section */

/* Begin XCBuildConfiguration section */
		2752E1B0207A1B5B00BCDC08 /* Debug */ = {
			isa = XCBuildConfiguration;
			buildSettings = {
				ALWAYS_SEARCH_USER_PATHS = NO;
				CLANG_ANALYZER_NONNULL = YES;
				CLANG_ANALYZER_NUMBER_OBJECT_CONVERSION = YES_AGGRESSIVE;
				CLANG_CXX_LANGUAGE_STANDARD = "gnu++14";
				CLANG_CXX_LIBRARY = "libc++";
				CLANG_ENABLE_MODULES = YES;
				CLANG_ENABLE_OBJC_ARC = YES;
				CLANG_WARN_BLOCK_CAPTURE_AUTORELEASING = YES;
				CLANG_WARN_BOOL_CONVERSION = YES;
				CLANG_WARN_COMMA = YES;
				CLANG_WARN_CONSTANT_CONVERSION = YES;
				CLANG_WARN_DEPRECATED_OBJC_IMPLEMENTATIONS = YES;
				CLANG_WARN_DIRECT_OBJC_ISA_USAGE = YES_ERROR;
				CLANG_WARN_DOCUMENTATION_COMMENTS = YES;
				CLANG_WARN_EMPTY_BODY = YES;
				CLANG_WARN_ENUM_CONVERSION = YES;
				CLANG_WARN_INFINITE_RECURSION = YES;
				CLANG_WARN_INT_CONVERSION = YES;
				CLANG_WARN_NON_LITERAL_NULL_CONVERSION = YES;
				CLANG_WARN_OBJC_IMPLICIT_RETAIN_SELF = YES;
				CLANG_WARN_OBJC_LITERAL_CONVERSION = YES;
				CLANG_WARN_OBJC_ROOT_CLASS = YES_ERROR;
				CLANG_WARN_RANGE_LOOP_ANALYSIS = YES;
				CLANG_WARN_STRICT_PROTOTYPES = YES;
				CLANG_WARN_SUSPICIOUS_MOVE = YES;
				CLANG_WARN_UNGUARDED_AVAILABILITY = YES_AGGRESSIVE;
				CLANG_WARN_UNREACHABLE_CODE = YES;
				CLANG_WARN__DUPLICATE_METHOD_MATCH = YES;
				CODE_SIGN_IDENTITY = "Mac Developer";
				COPY_PHASE_STRIP = NO;
				DEBUG_INFORMATION_FORMAT = dwarf;
				ENABLE_STRICT_OBJC_MSGSEND = YES;
				ENABLE_TESTABILITY = YES;
				GCC_C_LANGUAGE_STANDARD = gnu11;
				GCC_DYNAMIC_NO_PIC = NO;
				GCC_NO_COMMON_BLOCKS = YES;
				GCC_OPTIMIZATION_LEVEL = 0;
				GCC_PREPROCESSOR_DEFINITIONS = (
					"DEBUG=1",
					"$(inherited)",
				);
				GCC_WARN_64_TO_32_BIT_CONVERSION = YES;
				GCC_WARN_ABOUT_RETURN_TYPE = YES_ERROR;
				GCC_WARN_UNDECLARED_SELECTOR = YES;
				GCC_WARN_UNINITIALIZED_AUTOS = YES_AGGRESSIVE;
				GCC_WARN_UNUSED_FUNCTION = YES;
				GCC_WARN_UNUSED_VARIABLE = YES;
				MACOSX_DEPLOYMENT_TARGET = 10.13;
				MTL_ENABLE_DEBUG_INFO = YES;
				ONLY_ACTIVE_ARCH = YES;
				SDKROOT = macosx;
				SWIFT_ACTIVE_COMPILATION_CONDITIONS = DEBUG;
				SWIFT_OPTIMIZATION_LEVEL = "-Onone";
			};
			name = Debug;
		};
		2752E1B1207A1B5B00BCDC08 /* Release */ = {
			isa = XCBuildConfiguration;
			buildSettings = {
				ALWAYS_SEARCH_USER_PATHS = NO;
				CLANG_ANALYZER_NONNULL = YES;
				CLANG_ANALYZER_NUMBER_OBJECT_CONVERSION = YES_AGGRESSIVE;
				CLANG_CXX_LANGUAGE_STANDARD = "gnu++14";
				CLANG_CXX_LIBRARY = "libc++";
				CLANG_ENABLE_MODULES = YES;
				CLANG_ENABLE_OBJC_ARC = YES;
				CLANG_WARN_BLOCK_CAPTURE_AUTORELEASING = YES;
				CLANG_WARN_BOOL_CONVERSION = YES;
				CLANG_WARN_COMMA = YES;
				CLANG_WARN_CONSTANT_CONVERSION = YES;
				CLANG_WARN_DEPRECATED_OBJC_IMPLEMENTATIONS = YES;
				CLANG_WARN_DIRECT_OBJC_ISA_USAGE = YES_ERROR;
				CLANG_WARN_DOCUMENTATION_COMMENTS = YES;
				CLANG_WARN_EMPTY_BODY = YES;
				CLANG_WARN_ENUM_CONVERSION = YES;
				CLANG_WARN_INFINITE_RECURSION = YES;
				CLANG_WARN_INT_CONVERSION = YES;
				CLANG_WARN_NON_LITERAL_NULL_CONVERSION = YES;
				CLANG_WARN_OBJC_IMPLICIT_RETAIN_SELF = YES;
				CLANG_WARN_OBJC_LITERAL_CONVERSION = YES;
				CLANG_WARN_OBJC_ROOT_CLASS = YES_ERROR;
				CLANG_WARN_RANGE_LOOP_ANALYSIS = YES;
				CLANG_WARN_STRICT_PROTOTYPES = YES;
				CLANG_WARN_SUSPICIOUS_MOVE = YES;
				CLANG_WARN_UNGUARDED_AVAILABILITY = YES_AGGRESSIVE;
				CLANG_WARN_UNREACHABLE_CODE = YES;
				CLANG_WARN__DUPLICATE_METHOD_MATCH = YES;
				CODE_SIGN_IDENTITY = "Mac Developer";
				COPY_PHASE_STRIP = NO;
				DEBUG_INFORMATION_FORMAT = "dwarf-with-dsym";
				ENABLE_NS_ASSERTIONS = NO;
				ENABLE_STRICT_OBJC_MSGSEND = YES;
				GCC_C_LANGUAGE_STANDARD = gnu11;
				GCC_NO_COMMON_BLOCKS = YES;
				GCC_WARN_64_TO_32_BIT_CONVERSION = YES;
				GCC_WARN_ABOUT_RETURN_TYPE = YES_ERROR;
				GCC_WARN_UNDECLARED_SELECTOR = YES;
				GCC_WARN_UNINITIALIZED_AUTOS = YES_AGGRESSIVE;
				GCC_WARN_UNUSED_FUNCTION = YES;
				GCC_WARN_UNUSED_VARIABLE = YES;
				MACOSX_DEPLOYMENT_TARGET = 10.13;
				MTL_ENABLE_DEBUG_INFO = NO;
				SDKROOT = macosx;
				SWIFT_OPTIMIZATION_LEVEL = "-Owholemodule";
			};
			name = Release;
		};
		2752E1B3207A1B5B00BCDC08 /* Debug */ = {
			isa = XCBuildConfiguration;
			buildSettings = {
				CODE_SIGN_STYLE = Automatic;
				DEVELOPMENT_TEAM = 26F6YWJYL8;
				PRODUCT_NAME = "$(TARGET_NAME)";
				SWIFT_VERSION = 4.2;
			};
			name = Debug;
		};
		2752E1B4207A1B5B00BCDC08 /* Release */ = {
			isa = XCBuildConfiguration;
			buildSettings = {
				CODE_SIGN_STYLE = Automatic;
				DEVELOPMENT_TEAM = 26F6YWJYL8;
				PRODUCT_NAME = "$(TARGET_NAME)";
				SWIFT_VERSION = 4.2;
			};
			name = Release;
		};
/* End XCBuildConfiguration section */

/* Begin XCConfigurationList section */
		2752E1A6207A1B5B00BCDC08 /* Build configuration list for PBXProject "SwitftOOPWeb" */ = {
			isa = XCConfigurationList;
			buildConfigurations = (
				2752E1B0207A1B5B00BCDC08 /* Debug */,
				2752E1B1207A1B5B00BCDC08 /* Release */,
			);
			defaultConfigurationIsVisible = 0;
			defaultConfigurationName = Release;
		};
		2752E1B2207A1B5B00BCDC08 /* Build configuration list for PBXNativeTarget "SwitftOOPWeb" */ = {
			isa = XCConfigurationList;
			buildConfigurations = (
				2752E1B3207A1B5B00BCDC08 /* Debug */,
				2752E1B4207A1B5B00BCDC08 /* Release */,
			);
			defaultConfigurationIsVisible = 0;
			defaultConfigurationName = Release;
		};
/* End XCConfigurationList section */
	};
	rootObject = 2752E1A3207A1B5B00BCDC08 /* Project object */;
}
